
Microsoft Visual Studio Solution File, Format Version 12.00
# Visual Studio Version 16
VisualStudioVersion = 16.0.31424.327
MinimumVisualStudioVersion = 10.0.40219.1
Project("{FAE04EC0-301F-11D3-BF4B-00C04F79EFBC}") = "Blazor_WASM_Server.Server", "Blazor_WASM_Hosted\Server\Blazor_WASM_Server.Server.csproj", "{39BD5737-4ED7-4EE8-A707-76DF274AC439}"
EndProject
Project("{FAE04EC0-301F-11D3-BF4B-00C04F79EFBC}") = "Blazor_WASM_Server.Client", "Blazor_WASM_Hosted\Client\Blazor_WASM_Server.Client.csproj", "{F1B268BB-8099-450C-B05C-CE12F56198A7}"
EndProject
Project("{FAE04EC0-301F-11D3-BF4B-00C04F79EFBC}") = "Blazor_WASM_Server.Shared", "Blazor_WASM_Hosted\Shared\Blazor_WASM_Server.Shared.csproj", "{DA11C9D3-6034-48C8-812D-1F6F337CB70C}"
EndProject
Global
	GlobalSection(SolutionConfigurationPlatforms) = preSolution
		Debug|Any CPU = Debug|Any CPU
		Release|Any CPU = Release|Any CPU
	EndGlobalSection
	GlobalSection(ProjectConfigurationPlatforms) = postSolution
		{39BD5737-4ED7-4EE8-A707-76DF274AC439}.Debug|Any CPU.ActiveCfg = Debug|Any CPU
		{39BD5737-4ED7-4EE8-A707-76DF274AC439}.Debug|Any CPU.Build.0 = Debug|Any CPU
		{39BD5737-4ED7-4EE8-A707-76DF274AC439}.Release|Any CPU.ActiveCfg = Release|Any CPU
		{39BD5737-4ED7-4EE8-A707-76DF274AC439}.Release|Any CPU.Build.0 = Release|Any CPU
		{F1B268BB-8099-450C-B05C-CE12F56198A7}.Debug|Any CPU.ActiveCfg = Debug|Any CPU
		{F1B268BB-8099-450C-B05C-CE12F56198A7}.Debug|Any CPU.Build.0 = Debug|Any CPU
		{F1B268BB-8099-450C-B05C-CE12F56198A7}.Release|Any CPU.ActiveCfg = Release|Any CPU
		{F1B268BB-8099-450C-B05C-CE12F56198A7}.Release|Any CPU.Build.0 = Release|Any CPU
		{DA11C9D3-6034-48C8-812D-1F6F337CB70C}.Debug|Any CPU.ActiveCfg = Debug|Any CPU
		{DA11C9D3-6034-48C8-812D-1F6F337CB70C}.Debug|Any CPU.Build.0 = Debug|Any CPU
		{DA11C9D3-6034-48C8-812D-1F6F337CB70C}.Release|Any CPU.ActiveCfg = Release|Any CPU
		{DA11C9D3-6034-48C8-812D-1F6F337CB70C}.Release|Any CPU.Build.0 = Release|Any CPU
	EndGlobalSection
	GlobalSection(SolutionProperties) = preSolution
		HideSolutionNode = FALSE
	EndGlobalSection
	GlobalSection(ExtensibilityGlobals) = postSolution
		SolutionGuid = {C18FF24E-F8BA-40A8-9F8B-F52A96589A71}
	EndGlobalSection
EndGlobal
