
Microsoft Visual Studio Solution File, Format Version 12.00
# Visual Studio Version 17
VisualStudioVersion = 17.3.32929.385
MinimumVisualStudioVersion = 10.0.40219.1
Project("{9A19103F-16F7-4668-BE54-9A1E7A4F7556}") = "Blazor_WASM_Server.Shared", "Blazor_WASM_Server\Shared\Blazor_WASM_Server.Shared.csproj", "{DA11C9D3-6034-48C8-812D-1F6F337CB70C}"
EndProject
Project("{9A19103F-16F7-4668-BE54-9A1E7A4F7556}") = "Blazor_WASM_Server.Host", "Blazor_WASM_Server\Host\Blazor_WASM_Server.Host.csproj", "{54546184-E53F-46B9-9B18-B4134858184D}"
EndProject
Project("{9A19103F-16F7-4668-BE54-9A1E7A4F7556}") = "Blazor_WASM_Server.ClientServer", "Blazor_WASM_Server\ClientServer\Blazor_WASM_Server.ClientServer.csproj", "{1F54620A-49A1-4C28-9F91-0CCDBF4E1315}"
EndProject
Project("{9A19103F-16F7-4668-BE54-9A1E7A4F7556}") = "Blazor_WASM_Server.ClientWASM", "Blazor_WASM_Server\ClientWASM\Blazor_WASM_Server.ClientWASM.csproj", "{C44EA5DF-E3A8-46E1-9B3D-F01D2783C12A}"
EndProject
Global
	GlobalSection(SolutionConfigurationPlatforms) = preSolution
		Debug|Any CPU = Debug|Any CPU
		Release|Any CPU = Release|Any CPU
	EndGlobalSection
	GlobalSection(ProjectConfigurationPlatforms) = postSolution
		{DA11C9D3-6034-48C8-812D-1F6F337CB70C}.Debug|Any CPU.ActiveCfg = Debug|Any CPU
		{DA11C9D3-6034-48C8-812D-1F6F337CB70C}.Debug|Any CPU.Build.0 = Debug|Any CPU
		{DA11C9D3-6034-48C8-812D-1F6F337CB70C}.Release|Any CPU.ActiveCfg = Release|Any CPU
		{DA11C9D3-6034-48C8-812D-1F6F337CB70C}.Release|Any CPU.Build.0 = Release|Any CPU
		{54546184-E53F-46B9-9B18-B4134858184D}.Debug|Any CPU.ActiveCfg = Debug|Any CPU
		{54546184-E53F-46B9-9B18-B4134858184D}.Debug|Any CPU.Build.0 = Debug|Any CPU
		{54546184-E53F-46B9-9B18-B4134858184D}.Release|Any CPU.ActiveCfg = Release|Any CPU
		{54546184-E53F-46B9-9B18-B4134858184D}.Release|Any CPU.Build.0 = Release|Any CPU
		{1F54620A-49A1-4C28-9F91-0CCDBF4E1315}.Debug|Any CPU.ActiveCfg = Debug|Any CPU
		{1F54620A-49A1-4C28-9F91-0CCDBF4E1315}.Debug|Any CPU.Build.0 = Debug|Any CPU
		{1F54620A-49A1-4C28-9F91-0CCDBF4E1315}.Release|Any CPU.ActiveCfg = Release|Any CPU
		{1F54620A-49A1-4C28-9F91-0CCDBF4E1315}.Release|Any CPU.Build.0 = Release|Any CPU
		{C44EA5DF-E3A8-46E1-9B3D-F01D2783C12A}.Debug|Any CPU.ActiveCfg = Debug|Any CPU
		{C44EA5DF-E3A8-46E1-9B3D-F01D2783C12A}.Debug|Any CPU.Build.0 = Debug|Any CPU
		{C44EA5DF-E3A8-46E1-9B3D-F01D2783C12A}.Release|Any CPU.ActiveCfg = Release|Any CPU
		{C44EA5DF-E3A8-46E1-9B3D-F01D2783C12A}.Release|Any CPU.Build.0 = Release|Any CPU
	EndGlobalSection
	GlobalSection(SolutionProperties) = preSolution
		HideSolutionNode = FALSE
	EndGlobalSection
	GlobalSection(ExtensibilityGlobals) = postSolution
		SolutionGuid = {C18FF24E-F8BA-40A8-9F8B-F52A96589A71}
	EndGlobalSection
EndGlobal
