
Microsoft Visual Studio Solution File, Format Version 12.00
# Visual Studio Version 17
VisualStudioVersion = 17.3.32929.385
MinimumVisualStudioVersion = 10.0.40219.1
Project("{9A19103F-16F7-4668-BE54-9A1E7A4F7556}") = "Blazor_WASM_Server.Shared", "Blazor_WASM_Server\Shared\Blazor_WASM_Server.Shared.csproj", "{DA11C9D3-6034-48C8-812D-1F6F337CB70C}"
EndProject
Project("{9A19103F-16F7-4668-BE54-9A1E7A4F7556}") = "Blazor_WASM_Server.Client", "Blazor_WASM_Server\Client\Blazor_WASM_Server.Client.csproj", "{B0FEA73E-06C8-4C28-A2F8-9DEC63707514}"
EndProject
Project("{9A19103F-16F7-4668-BE54-9A1E7A4F7556}") = "Blazor_WASM_Server.Server", "Blazor_WASM_Server\Server\Blazor_WASM_Server.Server.csproj", "{B4798588-B795-48D3-974E-CCB7A38D68AF}"
EndProject
Global
	GlobalSection(SolutionConfigurationPlatforms) = preSolution
		Debug|Any CPU = Debug|Any CPU
		Release|Any CPU = Release|Any CPU
	EndGlobalSection
	GlobalSection(ProjectConfigurationPlatforms) = postSolution
		{DA11C9D3-6034-48C8-812D-1F6F337CB70C}.Debug|Any CPU.ActiveCfg = Debug|Any CPU
		{DA11C9D3-6034-48C8-812D-1F6F337CB70C}.Debug|Any CPU.Build.0 = Debug|Any CPU
		{DA11C9D3-6034-48C8-812D-1F6F337CB70C}.Release|Any CPU.ActiveCfg = Release|Any CPU
		{DA11C9D3-6034-48C8-812D-1F6F337CB70C}.Release|Any CPU.Build.0 = Release|Any CPU
		{B0FEA73E-06C8-4C28-A2F8-9DEC63707514}.Debug|Any CPU.ActiveCfg = Debug|Any CPU
		{B0FEA73E-06C8-4C28-A2F8-9DEC63707514}.Debug|Any CPU.Build.0 = Debug|Any CPU
		{B0FEA73E-06C8-4C28-A2F8-9DEC63707514}.Release|Any CPU.ActiveCfg = Release|Any CPU
		{B0FEA73E-06C8-4C28-A2F8-9DEC63707514}.Release|Any CPU.Build.0 = Release|Any CPU
		{B4798588-B795-48D3-974E-CCB7A38D68AF}.Debug|Any CPU.ActiveCfg = Debug|Any CPU
		{B4798588-B795-48D3-974E-CCB7A38D68AF}.Debug|Any CPU.Build.0 = Debug|Any CPU
		{B4798588-B795-48D3-974E-CCB7A38D68AF}.Release|Any CPU.ActiveCfg = Release|Any CPU
		{B4798588-B795-48D3-974E-CCB7A38D68AF}.Release|Any CPU.Build.0 = Release|Any CPU
	EndGlobalSection
	GlobalSection(SolutionProperties) = preSolution
		HideSolutionNode = FALSE
	EndGlobalSection
	GlobalSection(ExtensibilityGlobals) = postSolution
		SolutionGuid = {C18FF24E-F8BA-40A8-9F8B-F52A96589A71}
	EndGlobalSection
EndGlobal
